
Microsoft Visual Studio Solution File, Format Version 11.00
# Visual Studio 2010
Project("{FAE04EC0-301F-11D3-BF4B-00C04F79EFBC}") = "Mega_APP", "Mega_APP\Mega_APP.csproj", "{64543D5E-5278-4CC5-9079-80C012CCFF19}"
EndProject
Global
	GlobalSection(SolutionConfigurationPlatforms) = preSolution
		Debug|Any CPU = Debug|Any CPU
		Release|Any CPU = Release|Any CPU
	EndGlobalSection
	GlobalSection(ProjectConfigurationPlatforms) = postSolution
		{64543D5E-5278-4CC5-9079-80C012CCFF19}.Debug|Any CPU.ActiveCfg = Debug|Any CPU
		{64543D5E-5278-4CC5-9079-80C012CCFF19}.Debug|Any CPU.Build.0 = Debug|Any CPU
		{64543D5E-5278-4CC5-9079-80C012CCFF19}.Release|Any CPU.ActiveCfg = Release|Any CPU
		{64543D5E-5278-4CC5-9079-80C012CCFF19}.Release|Any CPU.Build.0 = Release|Any CPU
	EndGlobalSection
	GlobalSection(SolutionProperties) = preSolution
		HideSolutionNode = FALSE
	EndGlobalSection
EndGlobal
